
Microsoft Visual Studio Solution File, Format Version 12.00
# Visual Studio Version 17
VisualStudioVersion = 17.4.32804.182
MinimumVisualStudioVersion = 10.0.40219.1
Project("{FAE04EC0-301F-11D3-BF4B-00C04F79EFBC}") = "HomeMapGet", "HomeMapGet\HomeMapGet.csproj", "{B17D32FA-9DBB-4932-A336-E224421E1BF2}"
EndProject
Global
	GlobalSection(SolutionConfigurationPlatforms) = preSolution
		Debug|Any CPU = Debug|Any CPU
		Release|Any CPU = Release|Any CPU
	EndGlobalSection
	GlobalSection(ProjectConfigurationPlatforms) = postSolution
		{B17D32FA-9DBB-4932-A336-E224421E1BF2}.Debug|Any CPU.ActiveCfg = Debug|Any CPU
		{B17D32FA-9DBB-4932-A336-E224421E1BF2}.Debug|Any CPU.Build.0 = Debug|Any CPU
		{B17D32FA-9DBB-4932-A336-E224421E1BF2}.Release|Any CPU.ActiveCfg = Release|Any CPU
		{B17D32FA-9DBB-4932-A336-E224421E1BF2}.Release|Any CPU.Build.0 = Release|Any CPU
	EndGlobalSection
	GlobalSection(SolutionProperties) = preSolution
		HideSolutionNode = FALSE
	EndGlobalSection
	GlobalSection(ExtensibilityGlobals) = postSolution
		SolutionGuid = {6F8E6636-BA5B-4B17-974C-A3373CB4F22B}
	EndGlobalSection
EndGlobal
